
Microsoft Visual Studio Solution File, Format Version 12.00
Project("{FAE04EC0-301F-11D3-BF4B-00C04F79EFBC}") = "Pschool.API", "Pschool.API\Pschool.API.csproj", "{D9AB54EB-6E91-4F90-BC1A-DFF637366709}"
EndProject
Project("{FAE04EC0-301F-11D3-BF4B-00C04F79EFBC}") = "Pschool.Core", "Pschool.Core\Pschool.Core.csproj", "{33DBFC5E-CA30-457C-A69B-0FB41C5081A1}"
EndProject
Project("{FAE04EC0-301F-11D3-BF4B-00C04F79EFBC}") = "Pschool.Infrastructure", "Pschool.Infrastructure\Pschool.Infrastructure.csproj", "{30CDA7B5-CB22-4C6A-A612-098447BCA156}"
EndProject
Project("{FAE04EC0-301F-11D3-BF4B-00C04F79EFBC}") = "Pschool.BlazorWasm", "Pschool.BlazorWasm\Pschool.BlazorWasm.csproj", "{413DA799-1F17-45DC-9081-E3EB5BF078D0}"
EndProject
Global
	GlobalSection(SolutionConfigurationPlatforms) = preSolution
		Debug|Any CPU = Debug|Any CPU
		Release|Any CPU = Release|Any CPU
	EndGlobalSection
	GlobalSection(ProjectConfigurationPlatforms) = postSolution
		{D9AB54EB-6E91-4F90-BC1A-DFF637366709}.Debug|Any CPU.ActiveCfg = Debug|Any CPU
		{D9AB54EB-6E91-4F90-BC1A-DFF637366709}.Debug|Any CPU.Build.0 = Debug|Any CPU
		{D9AB54EB-6E91-4F90-BC1A-DFF637366709}.Release|Any CPU.ActiveCfg = Release|Any CPU
		{D9AB54EB-6E91-4F90-BC1A-DFF637366709}.Release|Any CPU.Build.0 = Release|Any CPU
		{33DBFC5E-CA30-457C-A69B-0FB41C5081A1}.Debug|Any CPU.ActiveCfg = Debug|Any CPU
		{33DBFC5E-CA30-457C-A69B-0FB41C5081A1}.Debug|Any CPU.Build.0 = Debug|Any CPU
		{33DBFC5E-CA30-457C-A69B-0FB41C5081A1}.Release|Any CPU.ActiveCfg = Release|Any CPU
		{33DBFC5E-CA30-457C-A69B-0FB41C5081A1}.Release|Any CPU.Build.0 = Release|Any CPU
		{30CDA7B5-CB22-4C6A-A612-098447BCA156}.Debug|Any CPU.ActiveCfg = Debug|Any CPU
		{30CDA7B5-CB22-4C6A-A612-098447BCA156}.Debug|Any CPU.Build.0 = Debug|Any CPU
		{30CDA7B5-CB22-4C6A-A612-098447BCA156}.Release|Any CPU.ActiveCfg = Release|Any CPU
		{30CDA7B5-CB22-4C6A-A612-098447BCA156}.Release|Any CPU.Build.0 = Release|Any CPU
		{413DA799-1F17-45DC-9081-E3EB5BF078D0}.Debug|Any CPU.ActiveCfg = Debug|Any CPU
		{413DA799-1F17-45DC-9081-E3EB5BF078D0}.Debug|Any CPU.Build.0 = Debug|Any CPU
		{413DA799-1F17-45DC-9081-E3EB5BF078D0}.Release|Any CPU.ActiveCfg = Release|Any CPU
		{413DA799-1F17-45DC-9081-E3EB5BF078D0}.Release|Any CPU.Build.0 = Release|Any CPU
	EndGlobalSection
EndGlobal
